
Microsoft Visual Studio Solution File, Format Version 12.00
# Visual Studio Version 17
VisualStudioVersion = 17.13.35825.156 d17.13
MinimumVisualStudioVersion = 10.0.40219.1
Project("{8BC9CEB8-8B4A-11D0-8D11-00A0C91BC942}") = "home_thread_1", "home_thread_1.vcxproj", "{64ACB5C2-DC98-4707-A012-D37994C02AB7}"
EndProject
Global
	GlobalSection(SolutionConfigurationPlatforms) = preSolution
		Debug|x64 = Debug|x64
		Debug|x86 = Debug|x86
		Release|x64 = Release|x64
		Release|x86 = Release|x86
	EndGlobalSection
	GlobalSection(ProjectConfigurationPlatforms) = postSolution
		{64ACB5C2-DC98-4707-A012-D37994C02AB7}.Debug|x64.ActiveCfg = Debug|x64
		{64ACB5C2-DC98-4707-A012-D37994C02AB7}.Debug|x64.Build.0 = Debug|x64
		{64ACB5C2-DC98-4707-A012-D37994C02AB7}.Debug|x86.ActiveCfg = Debug|Win32
		{64ACB5C2-DC98-4707-A012-D37994C02AB7}.Debug|x86.Build.0 = Debug|Win32
		{64ACB5C2-DC98-4707-A012-D37994C02AB7}.Release|x64.ActiveCfg = Release|x64
		{64ACB5C2-DC98-4707-A012-D37994C02AB7}.Release|x64.Build.0 = Release|x64
		{64ACB5C2-DC98-4707-A012-D37994C02AB7}.Release|x86.ActiveCfg = Release|Win32
		{64ACB5C2-DC98-4707-A012-D37994C02AB7}.Release|x86.Build.0 = Release|Win32
	EndGlobalSection
	GlobalSection(SolutionProperties) = preSolution
		HideSolutionNode = FALSE
	EndGlobalSection
	GlobalSection(ExtensibilityGlobals) = postSolution
		SolutionGuid = {5B7BA6D0-2626-4889-A4AA-7E7B85A6B425}
	EndGlobalSection
EndGlobal
